
Microsoft Visual Studio Solution File, Format Version 12.00
# Visual Studio Version 16
VisualStudioVersion = 16.0.30011.22
MinimumVisualStudioVersion = 10.0.40219.1
Project("{FAE04EC0-301F-11D3-BF4B-00C04F79EFBC}") = "eShopSolution.WebApp", "eShopSolution.WebApp\eShopSolution.WebApp.csproj", "{7594E717-A2EA-402C-A162-84EE5A27C859}"
EndProject
Project("{2150E333-8FDC-42A3-9474-1A3956D46DE8}") = "Solution Items", "Solution Items", "{ABB3EC2C-85A4-45E8-B0A4-4609FD456738}"
	ProjectSection(SolutionItems) = preProject
		README.md = README.md
	EndProjectSection
EndProject
Global
	GlobalSection(SolutionConfigurationPlatforms) = preSolution
		Debug|Any CPU = Debug|Any CPU
		Release|Any CPU = Release|Any CPU
	EndGlobalSection
	GlobalSection(ProjectConfigurationPlatforms) = postSolution
		{7594E717-A2EA-402C-A162-84EE5A27C859}.Debug|Any CPU.ActiveCfg = Debug|Any CPU
		{7594E717-A2EA-402C-A162-84EE5A27C859}.Debug|Any CPU.Build.0 = Debug|Any CPU
		{7594E717-A2EA-402C-A162-84EE5A27C859}.Release|Any CPU.ActiveCfg = Release|Any CPU
		{7594E717-A2EA-402C-A162-84EE5A27C859}.Release|Any CPU.Build.0 = Release|Any CPU
	EndGlobalSection
	GlobalSection(SolutionProperties) = preSolution
		HideSolutionNode = FALSE
	EndGlobalSection
	GlobalSection(ExtensibilityGlobals) = postSolution
		SolutionGuid = {F23A9719-84C6-418A-B77D-69B85E877152}
	EndGlobalSection
EndGlobal
